
Microsoft Visual Studio Solution File, Format Version 12.00
Project("{FAE04EC0-301F-11D3-BF4B-00C04F79EFBC}") = "AirportManagementSystem", "AirportManagementSystem.csproj", "{ED1C1D43-5B8C-42E7-8C06-6EE17B9B12BE}"
EndProject
Global
	GlobalSection(SolutionConfigurationPlatforms) = preSolution
		Debug|Any CPU = Debug|Any CPU
		Release|Any CPU = Release|Any CPU
	EndGlobalSection
	GlobalSection(ProjectConfigurationPlatforms) = postSolution
		{ED1C1D43-5B8C-42E7-8C06-6EE17B9B12BE}.Debug|Any CPU.ActiveCfg = Debug|Any CPU
		{ED1C1D43-5B8C-42E7-8C06-6EE17B9B12BE}.Debug|Any CPU.Build.0 = Debug|Any CPU
		{ED1C1D43-5B8C-42E7-8C06-6EE17B9B12BE}.Release|Any CPU.ActiveCfg = Release|Any CPU
		{ED1C1D43-5B8C-42E7-8C06-6EE17B9B12BE}.Release|Any CPU.Build.0 = Release|Any CPU
	EndGlobalSection
EndGlobal
